
Microsoft Visual Studio Solution File, Format Version 12.00
# Visual Studio 2012
Project("{FAE04EC0-301F-11D3-BF4B-00C04F79EFBC}") = "BlooCoin Miner", "BlooCoin Miner\BlooCoin Miner.csproj", "{D14C5F10-6D65-4545-8DBC-CA0D4C2DE07A}"
EndProject
Global
	GlobalSection(SolutionConfigurationPlatforms) = preSolution
		Debug|Any CPU = Debug|Any CPU
		Release|Any CPU = Release|Any CPU
	EndGlobalSection
	GlobalSection(ProjectConfigurationPlatforms) = postSolution
		{D14C5F10-6D65-4545-8DBC-CA0D4C2DE07A}.Debug|Any CPU.ActiveCfg = Debug|Any CPU
		{D14C5F10-6D65-4545-8DBC-CA0D4C2DE07A}.Debug|Any CPU.Build.0 = Debug|Any CPU
		{D14C5F10-6D65-4545-8DBC-CA0D4C2DE07A}.Release|Any CPU.ActiveCfg = Release|Any CPU
		{D14C5F10-6D65-4545-8DBC-CA0D4C2DE07A}.Release|Any CPU.Build.0 = Release|Any CPU
	EndGlobalSection
	GlobalSection(SolutionProperties) = preSolution
		HideSolutionNode = FALSE
	EndGlobalSection
EndGlobal
